// !$*UTF8*$!
{
	archiveVersion = 1;
	classes = {
	};
	objectVersion = 50;
	objects = {

/* Begin PBXBuildFile section */
		07454035CC54745997A3D9F7 /* Pods_CocoaPodsApp.framework in Frameworks */ = {isa = PBXBuildFile; fileRef = 8611B276FFF6966BF593EEA2 /* Pods_CocoaPodsApp.framework */; };
		8DBF48C925D7943E005833BC /* AppDelegate.swift in Sources */ = {isa = PBXBuildFile; fileRef = 8DBF48C825D7943E005833BC /* AppDelegate.swift */; };
		8DBF48CB25D7943E005833BC /* SceneDelegate.swift in Sources */ = {isa = PBXBuildFile; fileRef = 8DBF48CA25D7943E005833BC /* SceneDelegate.swift */; };
		8DBF48CD25D7943E005833BC /* ViewController.swift in Sources */ = {isa = PBXBuildFile; fileRef = 8DBF48CC25D7943E005833BC /* ViewController.swift */; };
		8DBF48D025D7943E005833BC /* Main.storyboard in Resources */ = {isa = PBXBuildFile; fileRef = 8DBF48CE25D7943E005833BC /* Main.storyboard */; };
		8DBF48D225D79445005833BC /* Assets.xcassets in Resources */ = {isa = PBXBuildFile; fileRef = 8DBF48D125D79445005833BC /* Assets.xcassets */; };
		8DBF48D525D79445005833BC /* LaunchScreen.storyboard in Resources */ = {isa = PBXBuildFile; fileRef = 8DBF48D325D79445005833BC /* LaunchScreen.storyboard */; };
		8DBF48DE25D79A25005833BC /* img.png in Resources */ = {isa = PBXBuildFile; fileRef = 8DBF48DD25D79A25005833BC /* img.png */; };
/* End PBXBuildFile section */

/* Begin PBXFileReference section */
		66EE5D04968FD1242EBC9588 /* Pods-CocoaPodsApp.release.xcconfig */ = {isa = PBXFileReference; includeInIndex = 1; lastKnownFileType = text.xcconfig; name = "Pods-CocoaPodsApp.release.xcconfig"; path = "Target Support Files/Pods-CocoaPodsApp/Pods-CocoaPodsApp.release.xcconfig"; sourceTree = "<group>"; };
		8611B276FFF6966BF593EEA2 /* Pods_CocoaPodsApp.framework */ = {isa = PBXFileReference; explicitFileType = wrapper.framework; includeInIndex = 0; path = Pods_CocoaPodsApp.framework; sourceTree = BUILT_PRODUCTS_DIR; };
		8DBF48C525D7943E005833BC /* CocoaPodsApp.app */ = {isa = PBXFileReference; explicitFileType = wrapper.application; includeInIndex = 0; path = CocoaPodsApp.app; sourceTree = BUILT_PRODUCTS_DIR; };
		8DBF48C825D7943E005833BC /* AppDelegate.swift */ = {isa = PBXFileReference; lastKnownFileType = sourcecode.swift; path = AppDelegate.swift; sourceTree = "<group>"; };
		8DBF48CA25D7943E005833BC /* SceneDelegate.swift */ = {isa = PBXFileReference; lastKnownFileType = sourcecode.swift; path = SceneDelegate.swift; sourceTree = "<group>"; };
		8DBF48CC25D7943E005833BC /* ViewController.swift */ = {isa = PBXFileReference; lastKnownFileType = sourcecode.swift; path = ViewController.swift; sourceTree = "<group>"; };
		8DBF48CF25D7943E005833BC /* Base */ = {isa = PBXFileReference; lastKnownFileType = file.storyboard; name = Base; path = Base.lproj/Main.storyboard; sourceTree = "<group>"; };
		8DBF48D125D79445005833BC /* Assets.xcassets */ = {isa = PBXFileReference; lastKnownFileType = folder.assetcatalog; path = Assets.xcassets; sourceTree = "<group>"; };
		8DBF48D425D79445005833BC /* Base */ = {isa = PBXFileReference; lastKnownFileType = file.storyboard; name = Base; path = Base.lproj/LaunchScreen.storyboard; sourceTree = "<group>"; };
		8DBF48D625D79445005833BC /* Info.plist */ = {isa = PBXFileReference; lastKnownFileType = text.plist.xml; path = Info.plist; sourceTree = "<group>"; };
		8DBF48DD25D79A25005833BC /* img.png */ = {isa = PBXFileReference; lastKnownFileType = image.png; path = img.png; sourceTree = "<group>"; };
		F6904283BB8724D797936053 /* Pods-CocoaPodsApp.debug.xcconfig */ = {isa = PBXFileReference; includeInIndex = 1; lastKnownFileType = text.xcconfig; name = "Pods-CocoaPodsApp.debug.xcconfig"; path = "Target Support Files/Pods-CocoaPodsApp/Pods-CocoaPodsApp.debug.xcconfig"; sourceTree = "<group>"; };
/* End PBXFileReference section */

/* Begin PBXFrameworksBuildPhase section */
		8DBF48C225D7943E005833BC /* Frameworks */ = {
			isa = PBXFrameworksBuildPhase;
			buildActionMask = 2147483647;
			files = (
				07454035CC54745997A3D9F7 /* Pods_CocoaPodsApp.framework in Frameworks */,
			);
			runOnlyForDeploymentPostprocessing = 0;
		};
/* End PBXFrameworksBuildPhase section */

/* Begin PBXGroup section */
		8DBF48BC25D7943E005833BC = {
			isa = PBXGroup;
			children = (
				8DBF48C725D7943E005833BC /* CocoaPodsApp */,
				8DBF48C625D7943E005833BC /* Products */,
				F51CF5CD4C23E0F23189F888 /* Pods */,
				BFAEA30CD80399E47633E460 /* Frameworks */,
			);
			sourceTree = "<group>";
		};
		8DBF48C625D7943E005833BC /* Products */ = {
			isa = PBXGroup;
			children = (
				8DBF48C525D7943E005833BC /* CocoaPodsApp.app */,
			);
			name = Products;
			sourceTree = "<group>";
		};
		8DBF48C725D7943E005833BC /* CocoaPodsApp */ = {
			isa = PBXGroup;
			children = (
				8DBF48DD25D79A25005833BC /* img.png */,
				8DBF48C825D7943E005833BC /* AppDelegate.swift */,
				8DBF48CA25D7943E005833BC /* SceneDelegate.swift */,
				8DBF48CC25D7943E005833BC /* ViewController.swift */,
				8DBF48CE25D7943E005833BC /* Main.storyboard */,
				8DBF48D125D79445005833BC /* Assets.xcassets */,
				8DBF48D325D79445005833BC /* LaunchScreen.storyboard */,
				8DBF48D625D79445005833BC /* Info.plist */,
			);
			path = CocoaPodsApp;
			sourceTree = "<group>";
		};
		BFAEA30CD80399E47633E460 /* Frameworks */ = {
			isa = PBXGroup;
			children = (
				8611B276FFF6966BF593EEA2 /* Pods_CocoaPodsApp.framework */,
			);
			name = Frameworks;
			sourceTree = "<group>";
		};
		F51CF5CD4C23E0F23189F888 /* Pods */ = {
			isa = PBXGroup;
			children = (
				F6904283BB8724D797936053 /* Pods-CocoaPodsApp.debug.xcconfig */,
				66EE5D04968FD1242EBC9588 /* Pods-CocoaPodsApp.release.xcconfig */,
			);
			name = Pods;
			path = Pods;
			sourceTree = "<group>";
		};
/* End PBXGroup section */

/* Begin PBXNativeTarget section */
		8DBF48C425D7943E005833BC /* CocoaPodsApp */ = {
			isa = PBXNativeTarget;
			buildConfigurationList = 8DBF48D925D79445005833BC /* Build configuration list for PBXNativeTarget "CocoaPodsApp" */;
			buildPhases = (
				3F72FEDEBC757A849AB4051E /* [CP] Check Pods Manifest.lock */,
				8DBF48C125D7943E005833BC /* Sources */,
				8DBF48C225D7943E005833BC /* Frameworks */,
				8DBF48C325D7943E005833BC /* Resources */,
				DB1517D9F64AFD00A9587E99 /* [CP] Embed Pods Frameworks */,
			);
			buildRules = (
			);
			dependencies = (
			);
			name = CocoaPodsApp;
			productName = CocoaPodsApp;
			productReference = 8DBF48C525D7943E005833BC /* CocoaPodsApp.app */;
			productType = "com.apple.product-type.application";
		};
/* End PBXNativeTarget section */

/* Begin PBXProject section */
		8DBF48BD25D7943E005833BC /* Project object */ = {
			isa = PBXProject;
			attributes = {
				LastSwiftUpdateCheck = 1240;
				LastUpgradeCheck = 1240;
				TargetAttributes = {
					8DBF48C425D7943E005833BC = {
						CreatedOnToolsVersion = 12.4;
					};
				};
			};
			buildConfigurationList = 8DBF48C025D7943E005833BC /* Build configuration list for PBXProject "CocoaPodsApp" */;
			compatibilityVersion = "Xcode 9.3";
			developmentRegion = en;
			hasScannedForEncodings = 0;
			knownRegions = (
				en,
				Base,
			);
			mainGroup = 8DBF48BC25D7943E005833BC;
			productRefGroup = 8DBF48C625D7943E005833BC /* Products */;
			projectDirPath = "";
			projectRoot = "";
			targets = (
				8DBF48C425D7943E005833BC /* CocoaPodsApp */,
			);
		};
/* End PBXProject section */

/* Begin PBXResourcesBuildPhase section */
		8DBF48C325D7943E005833BC /* Resources */ = {
			isa = PBXResourcesBuildPhase;
			buildActionMask = 2147483647;
			files = (
				8DBF48D525D79445005833BC /* LaunchScreen.storyboard in Resources */,
				8DBF48D225D79445005833BC /* Assets.xcassets in Resources */,
				8DBF48D025D7943E005833BC /* Main.storyboard in Resources */,
				8DBF48DE25D79A25005833BC /* img.png in Resources */,
			);
			runOnlyForDeploymentPostprocessing = 0;
		};
/* End PBXResourcesBuildPhase section */

/* Begin PBXShellScriptBuildPhase section */
		3F72FEDEBC757A849AB4051E /* [CP] Check Pods Manifest.lock */ = {
			isa = PBXShellScriptBuildPhase;
			buildActionMask = 2147483647;
			files = (
			);
			inputFileListPaths = (
			);
			inputPaths = (
				"${PODS_PODFILE_DIR_PATH}/Podfile.lock",
				"${PODS_ROOT}/Manifest.lock",
			);
			name = "[CP] Check Pods Manifest.lock";
			outputFileListPaths = (
			);
			outputPaths = (
				"$(DERIVED_FILE_DIR)/Pods-CocoaPodsApp-checkManifestLockResult.txt",
			);
			runOnlyForDeploymentPostprocessing = 0;
			shellPath = /bin/sh;
			shellScript = "diff \"${PODS_PODFILE_DIR_PATH}/Podfile.lock\" \"${PODS_ROOT}/Manifest.lock\" > /dev/null\nif [ $? != 0 ] ; then\n    # print error to STDERR\n    echo \"error: The sandbox is not in sync with the Podfile.lock. Run 'pod install' or update your CocoaPods installation.\" >&2\n    exit 1\nfi\n# This output is used by Xcode 'outputs' to avoid re-running this script phase.\necho \"SUCCESS\" > \"${SCRIPT_OUTPUT_FILE_0}\"\n";
			showEnvVarsInLog = 0;
		};
		DB1517D9F64AFD00A9587E99 /* [CP] Embed Pods Frameworks */ = {
			isa = PBXShellScriptBuildPhase;
			buildActionMask = 2147483647;
			files = (
			);
			inputFileListPaths = (
				"${PODS_ROOT}/Target Support Files/Pods-CocoaPodsApp/Pods-CocoaPodsApp-frameworks-${CONFIGURATION}-input-files.xcfilelist",
			);
			name = "[CP] Embed Pods Frameworks";
			outputFileListPaths = (
				"${PODS_ROOT}/Target Support Files/Pods-CocoaPodsApp/Pods-CocoaPodsApp-frameworks-${CONFIGURATION}-output-files.xcfilelist",
			);
			runOnlyForDeploymentPostprocessing = 0;
			shellPath = /bin/sh;
			shellScript = "\"${PODS_ROOT}/Target Support Files/Pods-CocoaPodsApp/Pods-CocoaPodsApp-frameworks.sh\"\n";
			showEnvVarsInLog = 0;
		};
/* End PBXShellScriptBuildPhase section */

/* Begin PBXSourcesBuildPhase section */
		8DBF48C125D7943E005833BC /* Sources */ = {
			isa = PBXSourcesBuildPhase;
			buildActionMask = 2147483647;
			files = (
				8DBF48CD25D7943E005833BC /* ViewController.swift in Sources */,
				8DBF48C925D7943E005833BC /* AppDelegate.swift in Sources */,
				8DBF48CB25D7943E005833BC /* SceneDelegate.swift in Sources */,
			);
			runOnlyForDeploymentPostprocessing = 0;
		};
/* End PBXSourcesBuildPhase section */

/* Begin PBXVariantGroup section */
		8DBF48CE25D7943E005833BC /* Main.storyboard */ = {
			isa = PBXVariantGroup;
			children = (
				8DBF48CF25D7943E005833BC /* Base */,
			);
			name = Main.storyboard;
			sourceTree = "<group>";
		};
		8DBF48D325D79445005833BC /* LaunchScreen.storyboard */ = {
			isa = PBXVariantGroup;
			children = (
				8DBF48D425D79445005833BC /* Base */,
			);
			name = LaunchScreen.storyboard;
			sourceTree = "<group>";
		};
/* End PBXVariantGroup section */

/* Begin XCBuildConfiguration section */
		8DBF48D725D79445005833BC /* Debug */ = {
			isa = XCBuildConfiguration;
			buildSettings = {
				ALWAYS_SEARCH_USER_PATHS = NO;
				CLANG_ANALYZER_NONNULL = YES;
				CLANG_ANALYZER_NUMBER_OBJECT_CONVERSION = YES_AGGRESSIVE;
				CLANG_CXX_LANGUAGE_STANDARD = "gnu++14";
				CLANG_CXX_LIBRARY = "libc++";
				CLANG_ENABLE_MODULES = YES;
				CLANG_ENABLE_OBJC_ARC = YES;
				CLANG_ENABLE_OBJC_WEAK = YES;
				CLANG_WARN_BLOCK_CAPTURE_AUTORELEASING = YES;
				CLANG_WARN_BOOL_CONVERSION = YES;
				CLANG_WARN_COMMA = YES;
				CLANG_WARN_CONSTANT_CONVERSION = YES;
				CLANG_WARN_DEPRECATED_OBJC_IMPLEMENTATIONS = YES;
				CLANG_WARN_DIRECT_OBJC_ISA_USAGE = YES_ERROR;
				CLANG_WARN_DOCUMENTATION_COMMENTS = YES;
				CLANG_WARN_EMPTY_BODY = YES;
				CLANG_WARN_ENUM_CONVERSION = YES;
				CLANG_WARN_INFINITE_RECURSION = YES;
				CLANG_WARN_INT_CONVERSION = YES;
				CLANG_WARN_NON_LITERAL_NULL_CONVERSION = YES;
				CLANG_WARN_OBJC_IMPLICIT_RETAIN_SELF = YES;
				CLANG_WARN_OBJC_LITERAL_CONVERSION = YES;
				CLANG_WARN_OBJC_ROOT_CLASS = YES_ERROR;
				CLANG_WARN_QUOTED_INCLUDE_IN_FRAMEWORK_HEADER = YES;
				CLANG_WARN_RANGE_LOOP_ANALYSIS = YES;
				CLANG_WARN_STRICT_PROTOTYPES = YES;
				CLANG_WARN_SUSPICIOUS_MOVE = YES;
				CLANG_WARN_UNGUARDED_AVAILABILITY = YES_AGGRESSIVE;
				CLANG_WARN_UNREACHABLE_CODE = YES;
				CLANG_WARN__DUPLICATE_METHOD_MATCH = YES;
				COPY_PHASE_STRIP = NO;
				DEBUG_INFORMATION_FORMAT = dwarf;
				ENABLE_STRICT_OBJC_MSGSEND = YES;
				ENABLE_TESTABILITY = YES;
				GCC_C_LANGUAGE_STANDARD = gnu11;
				GCC_DYNAMIC_NO_PIC = NO;
				GCC_NO_COMMON_BLOCKS = YES;
				GCC_OPTIMIZATION_LEVEL = 0;
				GCC_PREPROCESSOR_DEFINITIONS = (
					"DEBUG=1",
					"$(inherited)",
				);
				GCC_WARN_64_TO_32_BIT_CONVERSION = YES;
				GCC_WARN_ABOUT_RETURN_TYPE = YES_ERROR;
				GCC_WARN_UNDECLARED_SELECTOR = YES;
				GCC_WARN_UNINITIALIZED_AUTOS = YES_AGGRESSIVE;
				GCC_WARN_UNUSED_FUNCTION = YES;
				GCC_WARN_UNUSED_VARIABLE = YES;
				IPHONEOS_DEPLOYMENT_TARGET = 14.4;
				MTL_ENABLE_DEBUG_INFO = INCLUDE_SOURCE;
				MTL_FAST_MATH = YES;
				ONLY_ACTIVE_ARCH = YES;
				SDKROOT = iphoneos;
				SWIFT_ACTIVE_COMPILATION_CONDITIONS = DEBUG;
				SWIFT_OPTIMIZATION_LEVEL = "-Onone";
			};
			name = Debug;
		};
		8DBF48D825D79445005833BC /* Release */ = {
			isa = XCBuildConfiguration;
			buildSettings = {
				ALWAYS_SEARCH_USER_PATHS = NO;
				CLANG_ANALYZER_NONNULL = YES;
				CLANG_ANALYZER_NUMBER_OBJECT_CONVERSION = YES_AGGRESSIVE;
				CLANG_CXX_LANGUAGE_STANDARD = "gnu++14";
				CLANG_CXX_LIBRARY = "libc++";
				CLANG_ENABLE_MODULES = YES;
				CLANG_ENABLE_OBJC_ARC = YES;
				CLANG_ENABLE_OBJC_WEAK = YES;
				CLANG_WARN_BLOCK_CAPTURE_AUTORELEASING = YES;
				CLANG_WARN_BOOL_CONVERSION = YES;
				CLANG_WARN_COMMA = YES;
				CLANG_WARN_CONSTANT_CONVERSION = YES;
				CLANG_WARN_DEPRECATED_OBJC_IMPLEMENTATIONS = YES;
				CLANG_WARN_DIRECT_OBJC_ISA_USAGE = YES_ERROR;
				CLANG_WARN_DOCUMENTATION_COMMENTS = YES;
				CLANG_WARN_EMPTY_BODY = YES;
				CLANG_WARN_ENUM_CONVERSION = YES;
				CLANG_WARN_INFINITE_RECURSION = YES;
				CLANG_WARN_INT_CONVERSION = YES;
				CLANG_WARN_NON_LITERAL_NULL_CONVERSION = YES;
				CLANG_WARN_OBJC_IMPLICIT_RETAIN_SELF = YES;
				CLANG_WARN_OBJC_LITERAL_CONVERSION = YES;
				CLANG_WARN_OBJC_ROOT_CLASS = YES_ERROR;
				CLANG_WARN_QUOTED_INCLUDE_IN_FRAMEWORK_HEADER = YES;
				CLANG_WARN_RANGE_LOOP_ANALYSIS = YES;
				CLANG_WARN_STRICT_PROTOTYPES = YES;
				CLANG_WARN_SUSPICIOUS_MOVE = YES;
				CLANG_WARN_UNGUARDED_AVAILABILITY = YES_AGGRESSIVE;
				CLANG_WARN_UNREACHABLE_CODE = YES;
				CLANG_WARN__DUPLICATE_METHOD_MATCH = YES;
				COPY_PHASE_STRIP = NO;
				DEBUG_INFORMATION_FORMAT = "dwarf-with-dsym";
				ENABLE_NS_ASSERTIONS = NO;
				ENABLE_STRICT_OBJC_MSGSEND = YES;
				GCC_C_LANGUAGE_STANDARD = gnu11;
				GCC_NO_COMMON_BLOCKS = YES;
				GCC_WARN_64_TO_32_BIT_CONVERSION = YES;
				GCC_WARN_ABOUT_RETURN_TYPE = YES_ERROR;
				GCC_WARN_UNDECLARED_SELECTOR = YES;
				GCC_WARN_UNINITIALIZED_AUTOS = YES_AGGRESSIVE;
				GCC_WARN_UNUSED_FUNCTION = YES;
				GCC_WARN_UNUSED_VARIABLE = YES;
				IPHONEOS_DEPLOYMENT_TARGET = 14.4;
				MTL_ENABLE_DEBUG_INFO = NO;
				MTL_FAST_MATH = YES;
				SDKROOT = iphoneos;
				SWIFT_COMPILATION_MODE = wholemodule;
				SWIFT_OPTIMIZATION_LEVEL = "-O";
				VALIDATE_PRODUCT = YES;
			};
			name = Release;
		};
		8DBF48DA25D79445005833BC /* Debug */ = {
			isa = XCBuildConfiguration;
			baseConfigurationReference = F6904283BB8724D797936053 /* Pods-CocoaPodsApp.debug.xcconfig */;
			buildSettings = {
				ASSETCATALOG_COMPILER_APPICON_NAME = AppIcon;
				ASSETCATALOG_COMPILER_GLOBAL_ACCENT_COLOR_NAME = AccentColor;
				CODE_SIGN_STYLE = Automatic;
				INFOPLIST_FILE = CocoaPodsApp/Info.plist;
				LD_RUNPATH_SEARCH_PATHS = (
					"$(inherited)",
					"@executable_path/Frameworks",
				);
				PRODUCT_BUNDLE_IDENTIFIER = app.taruto.CocoaPodsApp;
				PRODUCT_NAME = "$(TARGET_NAME)";
				SWIFT_VERSION = 5.0;
				TARGETED_DEVICE_FAMILY = "1,2";
			};
			name = Debug;
		};
		8DBF48DB25D79445005833BC /* Release */ = {
			isa = XCBuildConfiguration;
			baseConfigurationReference = 66EE5D04968FD1242EBC9588 /* Pods-CocoaPodsApp.release.xcconfig */;
			buildSettings = {
				ASSETCATALOG_COMPILER_APPICON_NAME = AppIcon;
				ASSETCATALOG_COMPILER_GLOBAL_ACCENT_COLOR_NAME = AccentColor;
				CODE_SIGN_STYLE = Automatic;
				INFOPLIST_FILE = CocoaPodsApp/Info.plist;
				LD_RUNPATH_SEARCH_PATHS = (
					"$(inherited)",
					"@executable_path/Frameworks",
				);
				PRODUCT_BUNDLE_IDENTIFIER = app.taruto.CocoaPodsApp;
				PRODUCT_NAME = "$(TARGET_NAME)";
				SWIFT_VERSION = 5.0;
				TARGETED_DEVICE_FAMILY = "1,2";
			};
			name = Release;
		};
/* End XCBuildConfiguration section */

/* Begin XCConfigurationList section */
		8DBF48C025D7943E005833BC /* Build configuration list for PBXProject "CocoaPodsApp" */ = {
			isa = XCConfigurationList;
			buildConfigurations = (
				8DBF48D725D79445005833BC /* Debug */,
				8DBF48D825D79445005833BC /* Release */,
			);
			defaultConfigurationIsVisible = 0;
			defaultConfigurationName = Release;
		};
		8DBF48D925D79445005833BC /* Build configuration list for PBXNativeTarget "CocoaPodsApp" */ = {
			isa = XCConfigurationList;
			buildConfigurations = (
				8DBF48DA25D79445005833BC /* Debug */,
				8DBF48DB25D79445005833BC /* Release */,
			);
			defaultConfigurationIsVisible = 0;
			defaultConfigurationName = Release;
		};
/* End XCConfigurationList section */
	};
	rootObject = 8DBF48BD25D7943E005833BC /* Project object */;
}
